
Microsoft Visual Studio Solution File, Format Version 11.00
# Visual Studio 2010
Project("{FAE04EC0-301F-11D3-BF4B-00C04F79EFBC}") = "Assembly-CSharp", "Assembly-CSharp.csproj", "{66431d49-9df8-3ce0-b71b-c7029e75f485}"
EndProject
Project("{FAE04EC0-301F-11D3-BF4B-00C04F79EFBC}") = "Assembly-CSharp-Editor", "Assembly-CSharp-Editor.csproj", "{678d5b84-a701-97e6-635d-fb5874da6873}"
EndProject
Global
	GlobalSection(SolutionConfigurationPlatforms) = preSolution
		Debug|Any CPU = Debug|Any CPU
	EndGlobalSection
	GlobalSection(ProjectConfigurationPlatforms) = postSolution
		{66431d49-9df8-3ce0-b71b-c7029e75f485}.Debug|Any CPU.ActiveCfg = Debug|Any CPU
		{66431d49-9df8-3ce0-b71b-c7029e75f485}.Debug|Any CPU.Build.0 = Debug|Any CPU
		{678d5b84-a701-97e6-635d-fb5874da6873}.Debug|Any CPU.ActiveCfg = Debug|Any CPU
		{678d5b84-a701-97e6-635d-fb5874da6873}.Debug|Any CPU.Build.0 = Debug|Any CPU
	EndGlobalSection
	GlobalSection(SolutionProperties) = preSolution
		HideSolutionNode = FALSE
	EndGlobalSection
EndGlobal
