
Microsoft Visual Studio Solution File, Format Version 12.00
# Visual Studio 15
Project("{FAE04EC0-301F-11D3-BF4B-00C04F79EFBC}") = "Assembly-CSharp", "Assembly-CSharp.csproj", "{491D4366-F89D-E03C-B71B-C7029E75F485}"
EndProject
Project("{FAE04EC0-301F-11D3-BF4B-00C04F79EFBC}") = "Assembly-CSharp-Editor", "Assembly-CSharp-Editor.csproj", "{845B8D67-01A7-E697-635D-FB5874DA6873}"
EndProject
Global
	GlobalSection(SolutionConfigurationPlatforms) = preSolution
		Debug|Any CPU = Debug|Any CPU
		Release|Any CPU = Release|Any CPU
	EndGlobalSection
	GlobalSection(ProjectConfigurationPlatforms) = postSolution
		{491D4366-F89D-E03C-B71B-C7029E75F485}.Debug|Any CPU.ActiveCfg = Debug|Any CPU
		{491D4366-F89D-E03C-B71B-C7029E75F485}.Debug|Any CPU.Build.0 = Debug|Any CPU
		{491D4366-F89D-E03C-B71B-C7029E75F485}.Release|Any CPU.ActiveCfg = Release|Any CPU
		{491D4366-F89D-E03C-B71B-C7029E75F485}.Release|Any CPU.Build.0 = Release|Any CPU
		{845B8D67-01A7-E697-635D-FB5874DA6873}.Debug|Any CPU.ActiveCfg = Debug|Any CPU
		{845B8D67-01A7-E697-635D-FB5874DA6873}.Debug|Any CPU.Build.0 = Debug|Any CPU
		{845B8D67-01A7-E697-635D-FB5874DA6873}.Release|Any CPU.ActiveCfg = Release|Any CPU
		{845B8D67-01A7-E697-635D-FB5874DA6873}.Release|Any CPU.Build.0 = Release|Any CPU
	EndGlobalSection
	GlobalSection(SolutionProperties) = preSolution
		HideSolutionNode = FALSE
	EndGlobalSection
EndGlobal
